
Microsoft Visual Studio Solution File, Format Version 12.00
# Visual Studio 15
VisualStudioVersion = 15.0.28307.136
MinimumVisualStudioVersion = 10.0.40219.1
Project("{FAE04EC0-301F-11D3-BF4B-00C04F79EFBC}") = "Website", "Website\Website.csproj", "{80CB70A2-5AA3-4100-B62A-A60DFC5526B7}"
EndProject
Project("{FAE04EC0-301F-11D3-BF4B-00C04F79EFBC}") = "Website.Xunit.Tests", "Website.Xunit.Tests\Website.Xunit.Tests.csproj", "{91664582-1EA2-424A-8784-5196CEBCD5C0}"
EndProject
Project("{FAE04EC0-301F-11D3-BF4B-00C04F79EFBC}") = "Website.Microsoft.Tests", "Website.Microsoft.Tests\Website.Microsoft.Tests.csproj", "{74638031-8631-4884-8752-3B809A134EFE}"
EndProject
Project("{FAE04EC0-301F-11D3-BF4B-00C04F79EFBC}") = "Website.Nunit.Tests", "Website.Nunit.Tests\Website.Nunit.Tests.csproj", "{69B4F0F3-42CE-4A2E-8A9A-650ED8D83677}"
EndProject
Global
	GlobalSection(SolutionConfigurationPlatforms) = preSolution
		Debug|Any CPU = Debug|Any CPU
		Release|Any CPU = Release|Any CPU
	EndGlobalSection
	GlobalSection(ProjectConfigurationPlatforms) = postSolution
		{80CB70A2-5AA3-4100-B62A-A60DFC5526B7}.Debug|Any CPU.ActiveCfg = Debug|Any CPU
		{80CB70A2-5AA3-4100-B62A-A60DFC5526B7}.Debug|Any CPU.Build.0 = Debug|Any CPU
		{80CB70A2-5AA3-4100-B62A-A60DFC5526B7}.Release|Any CPU.ActiveCfg = Release|Any CPU
		{80CB70A2-5AA3-4100-B62A-A60DFC5526B7}.Release|Any CPU.Build.0 = Release|Any CPU
		{91664582-1EA2-424A-8784-5196CEBCD5C0}.Debug|Any CPU.ActiveCfg = Debug|Any CPU
		{91664582-1EA2-424A-8784-5196CEBCD5C0}.Debug|Any CPU.Build.0 = Debug|Any CPU
		{91664582-1EA2-424A-8784-5196CEBCD5C0}.Release|Any CPU.ActiveCfg = Release|Any CPU
		{91664582-1EA2-424A-8784-5196CEBCD5C0}.Release|Any CPU.Build.0 = Release|Any CPU
		{74638031-8631-4884-8752-3B809A134EFE}.Debug|Any CPU.ActiveCfg = Debug|Any CPU
		{74638031-8631-4884-8752-3B809A134EFE}.Debug|Any CPU.Build.0 = Debug|Any CPU
		{74638031-8631-4884-8752-3B809A134EFE}.Release|Any CPU.ActiveCfg = Release|Any CPU
		{74638031-8631-4884-8752-3B809A134EFE}.Release|Any CPU.Build.0 = Release|Any CPU
		{69B4F0F3-42CE-4A2E-8A9A-650ED8D83677}.Debug|Any CPU.ActiveCfg = Debug|Any CPU
		{69B4F0F3-42CE-4A2E-8A9A-650ED8D83677}.Debug|Any CPU.Build.0 = Debug|Any CPU
		{69B4F0F3-42CE-4A2E-8A9A-650ED8D83677}.Release|Any CPU.ActiveCfg = Release|Any CPU
		{69B4F0F3-42CE-4A2E-8A9A-650ED8D83677}.Release|Any CPU.Build.0 = Release|Any CPU
	EndGlobalSection
	GlobalSection(SolutionProperties) = preSolution
		HideSolutionNode = FALSE
	EndGlobalSection
	GlobalSection(ExtensibilityGlobals) = postSolution
		SolutionGuid = {A367C8EB-7700-400F-AE67-20F2131DC2FB}
	EndGlobalSection
EndGlobal
